
Microsoft Visual Studio Solution File, Format Version 12.00
# Visual Studio Version 16
VisualStudioVersion = 16.0.30804.86
MinimumVisualStudioVersion = 10.0.40219.1
Project("{FAE04EC0-301F-11D3-BF4B-00C04F79EFBC}") = "FFX_CodingChallenge", "FFX_CodingChallenge\FFX_CodingChallenge.csproj", "{028F1867-3EC1-4F19-9397-845BBD5B94CF}"
EndProject
Project("{FAE04EC0-301F-11D3-BF4B-00C04F79EFBC}") = "Tests_FFX_CodingChallenge", "Tests_FFX_CodingChallenge\Tests_FFX_CodingChallenge.csproj", "{A67950D5-D510-4B5E-A30E-A55DA3473EC3}"
EndProject
Global
	GlobalSection(SolutionConfigurationPlatforms) = preSolution
		Debug|Any CPU = Debug|Any CPU
		Release|Any CPU = Release|Any CPU
	EndGlobalSection
	GlobalSection(ProjectConfigurationPlatforms) = postSolution
		{028F1867-3EC1-4F19-9397-845BBD5B94CF}.Debug|Any CPU.ActiveCfg = Debug|Any CPU
		{028F1867-3EC1-4F19-9397-845BBD5B94CF}.Debug|Any CPU.Build.0 = Debug|Any CPU
		{028F1867-3EC1-4F19-9397-845BBD5B94CF}.Release|Any CPU.ActiveCfg = Release|Any CPU
		{028F1867-3EC1-4F19-9397-845BBD5B94CF}.Release|Any CPU.Build.0 = Release|Any CPU
		{A67950D5-D510-4B5E-A30E-A55DA3473EC3}.Debug|Any CPU.ActiveCfg = Debug|Any CPU
		{A67950D5-D510-4B5E-A30E-A55DA3473EC3}.Debug|Any CPU.Build.0 = Debug|Any CPU
		{A67950D5-D510-4B5E-A30E-A55DA3473EC3}.Release|Any CPU.ActiveCfg = Release|Any CPU
		{A67950D5-D510-4B5E-A30E-A55DA3473EC3}.Release|Any CPU.Build.0 = Release|Any CPU
	EndGlobalSection
	GlobalSection(SolutionProperties) = preSolution
		HideSolutionNode = FALSE
	EndGlobalSection
	GlobalSection(ExtensibilityGlobals) = postSolution
		SolutionGuid = {A8ACB860-1701-4117-BB9F-77F82EFC9632}
	EndGlobalSection
EndGlobal
